
Microsoft Visual Studio Solution File, Format Version 12.00
Project("{FAE04EC0-301F-11D3-BF4B-00C04F79EFBC}") = "DesignPatterns1", "DesignPatterns1\DesignPatterns1.csproj", "{20961E79-33BB-4C5C-8467-232091BA2798}"
EndProject
Global
	GlobalSection(SolutionConfigurationPlatforms) = preSolution
		Debug|Any CPU = Debug|Any CPU
		Release|Any CPU = Release|Any CPU
	EndGlobalSection
	GlobalSection(ProjectConfigurationPlatforms) = postSolution
		{20961E79-33BB-4C5C-8467-232091BA2798}.Debug|Any CPU.ActiveCfg = Debug|Any CPU
		{20961E79-33BB-4C5C-8467-232091BA2798}.Debug|Any CPU.Build.0 = Debug|Any CPU
		{20961E79-33BB-4C5C-8467-232091BA2798}.Release|Any CPU.ActiveCfg = Release|Any CPU
		{20961E79-33BB-4C5C-8467-232091BA2798}.Release|Any CPU.Build.0 = Release|Any CPU
	EndGlobalSection
EndGlobal
